
Microsoft Visual Studio Solution File, Format Version 12.00
# Visual Studio Version 17
VisualStudioVersion = 17.14.36127.28 d17.14
MinimumVisualStudioVersion = 10.0.40219.1
Project("{FAE04EC0-301F-11D3-BF4B-00C04F79EFBC}") = "MyChessLogic", "MyChessLogic\MyChessLogic.csproj", "{5E0CDD77-8E6F-4526-B5D9-690A48D2048E}"
EndProject
Project("{FAE04EC0-301F-11D3-BF4B-00C04F79EFBC}") = "MyChessUI", "MyChessUI\MyChessUI.csproj", "{7BBD576A-71D3-4A8F-86CD-069A62E38F82}"
EndProject
Global
	GlobalSection(SolutionConfigurationPlatforms) = preSolution
		Debug|Any CPU = Debug|Any CPU
		Release|Any CPU = Release|Any CPU
	EndGlobalSection
	GlobalSection(ProjectConfigurationPlatforms) = postSolution
		{5E0CDD77-8E6F-4526-B5D9-690A48D2048E}.Debug|Any CPU.ActiveCfg = Debug|Any CPU
		{5E0CDD77-8E6F-4526-B5D9-690A48D2048E}.Debug|Any CPU.Build.0 = Debug|Any CPU
		{5E0CDD77-8E6F-4526-B5D9-690A48D2048E}.Release|Any CPU.ActiveCfg = Release|Any CPU
		{5E0CDD77-8E6F-4526-B5D9-690A48D2048E}.Release|Any CPU.Build.0 = Release|Any CPU
		{7BBD576A-71D3-4A8F-86CD-069A62E38F82}.Debug|Any CPU.ActiveCfg = Debug|Any CPU
		{7BBD576A-71D3-4A8F-86CD-069A62E38F82}.Debug|Any CPU.Build.0 = Debug|Any CPU
		{7BBD576A-71D3-4A8F-86CD-069A62E38F82}.Release|Any CPU.ActiveCfg = Release|Any CPU
		{7BBD576A-71D3-4A8F-86CD-069A62E38F82}.Release|Any CPU.Build.0 = Release|Any CPU
	EndGlobalSection
	GlobalSection(SolutionProperties) = preSolution
		HideSolutionNode = FALSE
	EndGlobalSection
	GlobalSection(ExtensibilityGlobals) = postSolution
		SolutionGuid = {9A185E4C-3E2D-4A1D-8928-96C98DE02104}
	EndGlobalSection
EndGlobal
